
Microsoft Visual Studio Solution File, Format Version 12.00
# Visual Studio Version 17
VisualStudioVersion = 17.11.35312.102
MinimumVisualStudioVersion = 10.0.40219.1
Project("{FAE04EC0-301F-11D3-BF4B-00C04F79EFBC}") = "WAEscaneosRDS", "WAEscaneosRDS\WAEscaneosRDS.csproj", "{A5C3A61D-C1A8-45EF-B599-559174C87200}"
EndProject
Project("{FAE04EC0-301F-11D3-BF4B-00C04F79EFBC}") = "WAEscaneosRDS.Tests", "WAEscaneosRDS.Tests\WAEscaneosRDS.Tests.csproj", "{20F70D38-3D08-43A0-8403-AF59FA24BA61}"
EndProject
Global
	GlobalSection(SolutionConfigurationPlatforms) = preSolution
		Debug|Any CPU = Debug|Any CPU
		Release|Any CPU = Release|Any CPU
	EndGlobalSection
	GlobalSection(ProjectConfigurationPlatforms) = postSolution
		{A5C3A61D-C1A8-45EF-B599-559174C87200}.Debug|Any CPU.ActiveCfg = Debug|Any CPU
		{A5C3A61D-C1A8-45EF-B599-559174C87200}.Debug|Any CPU.Build.0 = Debug|Any CPU
		{A5C3A61D-C1A8-45EF-B599-559174C87200}.Release|Any CPU.ActiveCfg = Release|Any CPU
		{A5C3A61D-C1A8-45EF-B599-559174C87200}.Release|Any CPU.Build.0 = Release|Any CPU
		{20F70D38-3D08-43A0-8403-AF59FA24BA61}.Debug|Any CPU.ActiveCfg = Debug|Any CPU
		{20F70D38-3D08-43A0-8403-AF59FA24BA61}.Debug|Any CPU.Build.0 = Debug|Any CPU
		{20F70D38-3D08-43A0-8403-AF59FA24BA61}.Release|Any CPU.ActiveCfg = Release|Any CPU
		{20F70D38-3D08-43A0-8403-AF59FA24BA61}.Release|Any CPU.Build.0 = Release|Any CPU
	EndGlobalSection
	GlobalSection(SolutionProperties) = preSolution
		HideSolutionNode = FALSE
	EndGlobalSection
	GlobalSection(ExtensibilityGlobals) = postSolution
		SolutionGuid = {A1C0F9A5-5EE3-46CA-BE34-F649E1DE8101}
	EndGlobalSection
EndGlobal
